dependencies:
- name: postgresql
  repository: https://pgalchemy.github.io/charts/
  version: 0.8.10
- name: cassandra
  repository: https://pgalchemy.github.io/charts/
  version: 0.2.1
digest: sha256:2a444544532b24a7641860c03bc686c264273412c15857cd041143dee725a73b
generated: 2018-03-16T19:13:50.9642705-04:00
